// !$*UTF8*$!
{
	archiveVersion = 1;
	classes = {
	};
	objectVersion = 46;
	objects = {

/* Begin PBXBuildFile section */
		746BCC3816F4E0AE00CF52E8 /* Ardennen 300.GPX in Resources */ = {isa = PBXBuildFile; fileRef = 746BCC3716F4E0AE00CF52E8 /* Ardennen 300.GPX */; };
		74854FC616F758E600347AB9 /* WaypointViewController.m in Sources */ = {isa = PBXBuildFile; fileRef = 74854FC416F758E600347AB9 /* WaypointViewController.m */; };
		74854FC716F758E600347AB9 /* WaypointViewController.xib in Resources */ = {isa = PBXBuildFile; fileRef = 74854FC516F758E600347AB9 /* WaypointViewController.xib */; };
		7488048616EA5029004E8DD0 /* UIKit.framework in Frameworks */ = {isa = PBXBuildFile; fileRef = 7488048516EA5029004E8DD0 /* UIKit.framework */; };
		7488048816EA5029004E8DD0 /* Foundation.framework in Frameworks */ = {isa = PBXBuildFile; fileRef = 7488048716EA5029004E8DD0 /* Foundation.framework */; };
		7488048A16EA5029004E8DD0 /* CoreGraphics.framework in Frameworks */ = {isa = PBXBuildFile; fileRef = 7488048916EA5029004E8DD0 /* CoreGraphics.framework */; };
		7488049016EA5029004E8DD0 /* InfoPlist.strings in Resources */ = {isa = PBXBuildFile; fileRef = 7488048E16EA5029004E8DD0 /* InfoPlist.strings */; };
		7488049216EA5029004E8DD0 /* main.m in Sources */ = {isa = PBXBuildFile; fileRef = 7488049116EA5029004E8DD0 /* main.m */; };
		7488049616EA5029004E8DD0 /* GpxViewAppDelegate.m in Sources */ = {isa = PBXBuildFile; fileRef = 7488049516EA5029004E8DD0 /* GpxViewAppDelegate.m */; };
		7488049816EA5029004E8DD0 /* Default.png in Resources */ = {isa = PBXBuildFile; fileRef = 7488049716EA5029004E8DD0 /* Default.png */; };
		7488049A16EA5029004E8DD0 /* Default@2x.png in Resources */ = {isa = PBXBuildFile; fileRef = 7488049916EA5029004E8DD0 /* Default@2x.png */; };
		7488049C16EA5029004E8DD0 /* Default-568h@2x.png in Resources */ = {isa = PBXBuildFile; fileRef = 7488049B16EA5029004E8DD0 /* Default-568h@2x.png */; };
		7488049F16EA5029004E8DD0 /* GpxViewViewController.m in Sources */ = {isa = PBXBuildFile; fileRef = 7488049E16EA5029004E8DD0 /* GpxViewViewController.m */; };
		748804A216EA5029004E8DD0 /* GpxViewViewController.xib in Resources */ = {isa = PBXBuildFile; fileRef = 748804A016EA5029004E8DD0 /* GpxViewViewController.xib */; };
		748804A916EA5558004E8DD0 /* GpxViewer.GPX in Resources */ = {isa = PBXBuildFile; fileRef = 748804A816EA5558004E8DD0 /* GpxViewer.GPX */; };
		748804DC16ECF577004E8DD0 /* MapKit.framework in Frameworks */ = {isa = PBXBuildFile; fileRef = 748804DB16ECF577004E8DD0 /* MapKit.framework */; };
		748804DE16ECF82D004E8DD0 /* CoreLocation.framework in Frameworks */ = {isa = PBXBuildFile; fileRef = 748804DD16ECF82D004E8DD0 /* CoreLocation.framework */; };
		748804E116ECFD4C004E8DD0 /* SHMapPoint.m in Sources */ = {isa = PBXBuildFile; fileRef = 748804E016ECFD4C004E8DD0 /* SHMapPoint.m */; };
		7499153A16EF1A39007269CC /* GpsTrack.m in Sources */ = {isa = PBXBuildFile; fileRef = 7499153916EF1A39007269CC /* GpsTrack.m */; };
		74CE26F71707308D002ECA8F /* AtAGlance.png in Resources */ = {isa = PBXBuildFile; fileRef = 74CE26EF1707308D002ECA8F /* AtAGlance.png */; };
		74CE26F81707308D002ECA8F /* AtAGlance@2x.png in Resources */ = {isa = PBXBuildFile; fileRef = 74CE26F01707308D002ECA8F /* AtAGlance@2x.png */; };
		74CE26F91707308D002ECA8F /* Cycle.png in Resources */ = {isa = PBXBuildFile; fileRef = 74CE26F11707308D002ECA8F /* Cycle.png */; };
		74CE26FA1707308D002ECA8F /* Cycle@2x.png in Resources */ = {isa = PBXBuildFile; fileRef = 74CE26F21707308D002ECA8F /* Cycle@2x.png */; };
		74CE26FB1707308D002ECA8F /* MapView.png in Resources */ = {isa = PBXBuildFile; fileRef = 74CE26F31707308D002ECA8F /* MapView.png */; };
		74CE26FC1707308D002ECA8F /* MapView@2x.png in Resources */ = {isa = PBXBuildFile; fileRef = 74CE26F41707308D002ECA8F /* MapView@2x.png */; };
		74CE26FD1707308D002ECA8F /* Settings.png in Resources */ = {isa = PBXBuildFile; fileRef = 74CE26F51707308D002ECA8F /* Settings.png */; };
		74CE26FE1707308D002ECA8F /* Settings@2x.png in Resources */ = {isa = PBXBuildFile; fileRef = 74CE26F61707308D002ECA8F /* Settings@2x.png */; };
		74CE2702170730FA002ECA8F /* SettingsViewController.m in Sources */ = {isa = PBXBuildFile; fileRef = 74CE2700170730FA002ECA8F /* SettingsViewController.m */; };
		74CE2703170730FA002ECA8F /* SettingsViewController.xib in Resources */ = {isa = PBXBuildFile; fileRef = 74CE2701170730FA002ECA8F /* SettingsViewController.xib */; };
		74CE270717073301002ECA8F /* CycleViewController.m in Sources */ = {isa = PBXBuildFile; fileRef = 74CE270517073301002ECA8F /* CycleViewController.m */; };
		74CE270817073301002ECA8F /* CycleViewController.xib in Resources */ = {isa = PBXBuildFile; fileRef = 74CE270617073301002ECA8F /* CycleViewController.xib */; };
		74CE270C170733F7002ECA8F /* AtAGlanceViewController.m in Sources */ = {isa = PBXBuildFile; fileRef = 74CE270A170733F7002ECA8F /* AtAGlanceViewController.m */; };
		74CE270D170733F7002ECA8F /* AtAGlanceViewController.xib in Resources */ = {isa = PBXBuildFile; fileRef = 74CE270B170733F7002ECA8F /* AtAGlanceViewController.xib */; };
/* End PBXBuildFile section */

/* Begin PBXFileReference section */
		743EED971706BD550081A0F3 /* README.md */ = {isa = PBXFileReference; lastKnownFileType = text; path = README.md; sourceTree = SOURCE_ROOT; };
		746BCC3716F4E0AE00CF52E8 /* Ardennen 300.GPX */ = {isa = PBXFileReference; fileEncoding = 4; lastKnownFileType = text.xml; path = "Ardennen 300.GPX"; sourceTree = "<group>"; };
		74854FC316F758E600347AB9 /* WaypointViewController.h */ = {isa = PBXFileReference; fileEncoding = 4; lastKnownFileType = sourcecode.c.h; path = WaypointViewController.h; sourceTree = "<group>"; };
		74854FC416F758E600347AB9 /* WaypointViewController.m */ = {isa = PBXFileReference; fileEncoding = 4; lastKnownFileType = sourcecode.c.objc; path = WaypointViewController.m; sourceTree = "<group>"; };
		74854FC516F758E600347AB9 /* WaypointViewController.xib */ = {isa = PBXFileReference; fileEncoding = 4; lastKnownFileType = file.xib; path = WaypointViewController.xib; sourceTree = "<group>"; };
		7488048216EA5029004E8DD0 /* GpxView.app */ = {isa = PBXFileReference; explicitFileType = wrapper.application; includeInIndex = 0; path = GpxView.app; sourceTree = BUILT_PRODUCTS_DIR; };
		7488048516EA5029004E8DD0 /* UIKit.framework */ = {isa = PBXFileReference; lastKnownFileType = wrapper.framework; name = UIKit.framework; path = System/Library/Frameworks/UIKit.framework; sourceTree = SDKROOT; };
		7488048716EA5029004E8DD0 /* Foundation.framework */ = {isa = PBXFileReference; lastKnownFileType = wrapper.framework; name = Foundation.framework; path = System/Library/Frameworks/Foundation.framework; sourceTree = SDKROOT; };
		7488048916EA5029004E8DD0 /* CoreGraphics.framework */ = {isa = PBXFileReference; lastKnownFileType = wrapper.framework; name = CoreGraphics.framework; path = System/Library/Frameworks/CoreGraphics.framework; sourceTree = SDKROOT; };
		7488048D16EA5029004E8DD0 /* GpxView-Info.plist */ = {isa = PBXFileReference; lastKnownFileType = text.plist.xml; path = "GpxView-Info.plist"; sourceTree = "<group>"; };
		7488048F16EA5029004E8DD0 /* en */ = {isa = PBXFileReference; lastKnownFileType = text.plist.strings; name = en; path = en.lproj/InfoPlist.strings; sourceTree = "<group>"; };
		7488049116EA5029004E8DD0 /* main.m */ = {isa = PBXFileReference; lastKnownFileType = sourcecode.c.objc; path = main.m; sourceTree = "<group>"; };
		7488049316EA5029004E8DD0 /* GpxView-Prefix.pch */ = {isa = PBXFileReference; lastKnownFileType = sourcecode.c.h; path = "GpxView-Prefix.pch"; sourceTree = "<group>"; };
		7488049416EA5029004E8DD0 /* GpxViewAppDelegate.h */ = {isa = PBXFileReference; lastKnownFileType = sourcecode.c.h; path = GpxViewAppDelegate.h; sourceTree = "<group>"; };
		7488049516EA5029004E8DD0 /* GpxViewAppDelegate.m */ = {isa = PBXFileReference; lastKnownFileType = sourcecode.c.objc; path = GpxViewAppDelegate.m; sourceTree = "<group>"; };
		7488049716EA5029004E8DD0 /* Default.png */ = {isa = PBXFileReference; lastKnownFileType = image.png; path = Default.png; sourceTree = "<group>"; };
		7488049916EA5029004E8DD0 /* Default@2x.png */ = {isa = PBXFileReference; lastKnownFileType = image.png; path = "Default@2x.png"; sourceTree = "<group>"; };
		7488049B16EA5029004E8DD0 /* Default-568h@2x.png */ = {isa = PBXFileReference; lastKnownFileType = image.png; path = "Default-568h@2x.png"; sourceTree = "<group>"; };
		7488049D16EA5029004E8DD0 /* GpxViewViewController.h */ = {isa = PBXFileReference; lastKnownFileType = sourcecode.c.h; path = GpxViewViewController.h; sourceTree = "<group>"; };
		7488049E16EA5029004E8DD0 /* GpxViewViewController.m */ = {isa = PBXFileReference; lastKnownFileType = sourcecode.c.objc; path = GpxViewViewController.m; sourceTree = "<group>"; };
		748804A116EA5029004E8DD0 /* en */ = {isa = PBXFileReference; lastKnownFileType = file.xib; name = en; path = en.lproj/GpxViewViewController.xib; sourceTree = "<group>"; };
		748804A816EA5558004E8DD0 /* GpxViewer.GPX */ = {isa = PBXFileReference; fileEncoding = 4; lastKnownFileType = text.xml; path = GpxViewer.GPX; sourceTree = "<group>"; };
		748804DB16ECF577004E8DD0 /* MapKit.framework */ = {isa = PBXFileReference; lastKnownFileType = wrapper.framework; name = MapKit.framework; path = System/Library/Frameworks/MapKit.framework; sourceTree = SDKROOT; };
		748804DD16ECF82D004E8DD0 /* CoreLocation.framework */ = {isa = PBXFileReference; lastKnownFileType = wrapper.framework; name = CoreLocation.framework; path = System/Library/Frameworks/CoreLocation.framework; sourceTree = SDKROOT; };
		748804DF16ECFD4C004E8DD0 /* SHMapPoint.h */ = {isa = PBXFileReference; fileEncoding = 4; lastKnownFileType = sourcecode.c.h; path = SHMapPoint.h; sourceTree = "<group>"; };
		748804E016ECFD4C004E8DD0 /* SHMapPoint.m */ = {isa = PBXFileReference; fileEncoding = 4; lastKnownFileType = sourcecode.c.objc; path = SHMapPoint.m; sourceTree = "<group>"; };
		7499153816EF1A39007269CC /* GpsTrack.h */ = {isa = PBXFileReference; fileEncoding = 4; lastKnownFileType = sourcecode.c.h; path = GpsTrack.h; sourceTree = "<group>"; };
		7499153916EF1A39007269CC /* GpsTrack.m */ = {isa = PBXFileReference; fileEncoding = 4; lastKnownFileType = sourcecode.c.objc; path = GpsTrack.m; sourceTree = "<group>"; };
		74CE26EF1707308D002ECA8F /* AtAGlance.png */ = {isa = PBXFileReference; lastKnownFileType = image.png; path = AtAGlance.png; sourceTree = "<group>"; };
		74CE26F01707308D002ECA8F /* AtAGlance@2x.png */ = {isa = PBXFileReference; lastKnownFileType = image.png; path = "AtAGlance@2x.png"; sourceTree = "<group>"; };
		74CE26F11707308D002ECA8F /* Cycle.png */ = {isa = PBXFileReference; lastKnownFileType = image.png; path = Cycle.png; sourceTree = "<group>"; };
		74CE26F21707308D002ECA8F /* Cycle@2x.png */ = {isa = PBXFileReference; lastKnownFileType = image.png; path = "Cycle@2x.png"; sourceTree = "<group>"; };
		74CE26F31707308D002ECA8F /* MapView.png */ = {isa = PBXFileReference; lastKnownFileType = image.png; path = MapView.png; sourceTree = "<group>"; };
		74CE26F41707308D002ECA8F /* MapView@2x.png */ = {isa = PBXFileReference; lastKnownFileType = image.png; path = "MapView@2x.png"; sourceTree = "<group>"; };
		74CE26F51707308D002ECA8F /* Settings.png */ = {isa = PBXFileReference; lastKnownFileType = image.png; path = Settings.png; sourceTree = "<group>"; };
		74CE26F61707308D002ECA8F /* Settings@2x.png */ = {isa = PBXFileReference; lastKnownFileType = image.png; path = "Settings@2x.png"; sourceTree = "<group>"; };
		74CE26FF170730FA002ECA8F /* SettingsViewController.h */ = {isa = PBXFileReference; fileEncoding = 4; lastKnownFileType = sourcecode.c.h; path = SettingsViewController.h; sourceTree = "<group>"; };
		74CE2700170730FA002ECA8F /* SettingsViewController.m */ = {isa = PBXFileReference; fileEncoding = 4; lastKnownFileType = sourcecode.c.objc; path = SettingsViewController.m; sourceTree = "<group>"; };
		74CE2701170730FA002ECA8F /* SettingsViewController.xib */ = {isa = PBXFileReference; fileEncoding = 4; lastKnownFileType = file.xib; path = SettingsViewController.xib; sourceTree = "<group>"; };
		74CE270417073301002ECA8F /* CycleViewController.h */ = {isa = PBXFileReference; fileEncoding = 4; lastKnownFileType = sourcecode.c.h; path = CycleViewController.h; sourceTree = "<group>"; };
		74CE270517073301002ECA8F /* CycleViewController.m */ = {isa = PBXFileReference; fileEncoding = 4; lastKnownFileType = sourcecode.c.objc; path = CycleViewController.m; sourceTree = "<group>"; };
		74CE270617073301002ECA8F /* CycleViewController.xib */ = {isa = PBXFileReference; fileEncoding = 4; lastKnownFileType = file.xib; path = CycleViewController.xib; sourceTree = "<group>"; };
		74CE2709170733F7002ECA8F /* AtAGlanceViewController.h */ = {isa = PBXFileReference; fileEncoding = 4; lastKnownFileType = sourcecode.c.h; path = AtAGlanceViewController.h; sourceTree = "<group>"; };
		74CE270A170733F7002ECA8F /* AtAGlanceViewController.m */ = {isa = PBXFileReference; fileEncoding = 4; lastKnownFileType = sourcecode.c.objc; path = AtAGlanceViewController.m; sourceTree = "<group>"; };
		74CE270B170733F7002ECA8F /* AtAGlanceViewController.xib */ = {isa = PBXFileReference; fileEncoding = 4; lastKnownFileType = file.xib; path = AtAGlanceViewController.xib; sourceTree = "<group>"; };
/* End PBXFileReference section */

/* Begin PBXFrameworksBuildPhase section */
		7488047F16EA5029004E8DD0 /* Frameworks */ = {
			isa = PBXFrameworksBuildPhase;
			buildActionMask = 2147483647;
			files = (
				748804DE16ECF82D004E8DD0 /* CoreLocation.framework in Frameworks */,
				748804DC16ECF577004E8DD0 /* MapKit.framework in Frameworks */,
				7488048616EA5029004E8DD0 /* UIKit.framework in Frameworks */,
				7488048816EA5029004E8DD0 /* Foundation.framework in Frameworks */,
				7488048A16EA5029004E8DD0 /* CoreGraphics.framework in Frameworks */,
			);
			runOnlyForDeploymentPostprocessing = 0;
		};
/* End PBXFrameworksBuildPhase section */

/* Begin PBXGroup section */
		7488047916EA5029004E8DD0 = {
			isa = PBXGroup;
			children = (
				7488048B16EA5029004E8DD0 /* GpxView */,
				7488048416EA5029004E8DD0 /* Frameworks */,
				7488048316EA5029004E8DD0 /* Products */,
			);
			sourceTree = "<group>";
		};
		7488048316EA5029004E8DD0 /* Products */ = {
			isa = PBXGroup;
			children = (
				7488048216EA5029004E8DD0 /* GpxView.app */,
			);
			name = Products;
			sourceTree = "<group>";
		};
		7488048416EA5029004E8DD0 /* Frameworks */ = {
			isa = PBXGroup;
			children = (
				748804DD16ECF82D004E8DD0 /* CoreLocation.framework */,
				748804DB16ECF577004E8DD0 /* MapKit.framework */,
				7488048516EA5029004E8DD0 /* UIKit.framework */,
				7488048716EA5029004E8DD0 /* Foundation.framework */,
				7488048916EA5029004E8DD0 /* CoreGraphics.framework */,
			);
			name = Frameworks;
			sourceTree = "<group>";
		};
		7488048B16EA5029004E8DD0 /* GpxView */ = {
			isa = PBXGroup;
			children = (
				7488049416EA5029004E8DD0 /* GpxViewAppDelegate.h */,
				7488049516EA5029004E8DD0 /* GpxViewAppDelegate.m */,
				74CE2709170733F7002ECA8F /* AtAGlanceViewController.h */,
				74CE270A170733F7002ECA8F /* AtAGlanceViewController.m */,
				74CE270B170733F7002ECA8F /* AtAGlanceViewController.xib */,
				74CE270417073301002ECA8F /* CycleViewController.h */,
				74CE270517073301002ECA8F /* CycleViewController.m */,
				74CE270617073301002ECA8F /* CycleViewController.xib */,
				7488049D16EA5029004E8DD0 /* GpxViewViewController.h */,
				7488049E16EA5029004E8DD0 /* GpxViewViewController.m */,
				74CE26FF170730FA002ECA8F /* SettingsViewController.h */,
				74CE2700170730FA002ECA8F /* SettingsViewController.m */,
				74CE2701170730FA002ECA8F /* SettingsViewController.xib */,
				748804A016EA5029004E8DD0 /* GpxViewViewController.xib */,
				748804DF16ECFD4C004E8DD0 /* SHMapPoint.h */,
				748804E016ECFD4C004E8DD0 /* SHMapPoint.m */,
				7499153816EF1A39007269CC /* GpsTrack.h */,
				7499153916EF1A39007269CC /* GpsTrack.m */,
				74854FC316F758E600347AB9 /* WaypointViewController.h */,
				74854FC416F758E600347AB9 /* WaypointViewController.m */,
				74854FC516F758E600347AB9 /* WaypointViewController.xib */,
				7488048C16EA5029004E8DD0 /* Supporting Files */,
			);
			path = GpxView;
			sourceTree = "<group>";
		};
		7488048C16EA5029004E8DD0 /* Supporting Files */ = {
			isa = PBXGroup;
			children = (
				74CE26EE1707308D002ECA8F /* Icons */,
				743EED971706BD550081A0F3 /* README.md */,
				7488048D16EA5029004E8DD0 /* GpxView-Info.plist */,
				748804A816EA5558004E8DD0 /* GpxViewer.GPX */,
				746BCC3716F4E0AE00CF52E8 /* Ardennen 300.GPX */,
				7488048E16EA5029004E8DD0 /* InfoPlist.strings */,
				7488049116EA5029004E8DD0 /* main.m */,
				7488049316EA5029004E8DD0 /* GpxView-Prefix.pch */,
				7488049716EA5029004E8DD0 /* Default.png */,
				7488049916EA5029004E8DD0 /* Default@2x.png */,
				7488049B16EA5029004E8DD0 /* Default-568h@2x.png */,
			);
			name = "Supporting Files";
			sourceTree = "<group>";
		};
		74CE26EE1707308D002ECA8F /* Icons */ = {
			isa = PBXGroup;
			children = (
				74CE26EF1707308D002ECA8F /* AtAGlance.png */,
				74CE26F01707308D002ECA8F /* AtAGlance@2x.png */,
				74CE26F11707308D002ECA8F /* Cycle.png */,
				74CE26F21707308D002ECA8F /* Cycle@2x.png */,
				74CE26F31707308D002ECA8F /* MapView.png */,
				74CE26F41707308D002ECA8F /* MapView@2x.png */,
				74CE26F51707308D002ECA8F /* Settings.png */,
				74CE26F61707308D002ECA8F /* Settings@2x.png */,
			);
			path = Icons;
			sourceTree = "<group>";
		};
/* End PBXGroup section */

/* Begin PBXNativeTarget section */
		7488048116EA5029004E8DD0 /* GpxView */ = {
			isa = PBXNativeTarget;
			buildConfigurationList = 748804A516EA5029004E8DD0 /* Build configuration list for PBXNativeTarget "GpxView" */;
			buildPhases = (
				7488047E16EA5029004E8DD0 /* Sources */,
				7488047F16EA5029004E8DD0 /* Frameworks */,
				7488048016EA5029004E8DD0 /* Resources */,
			);
			buildRules = (
			);
			dependencies = (
			);
			name = GpxView;
			productName = GpxView;
			productReference = 7488048216EA5029004E8DD0 /* GpxView.app */;
			productType = "com.apple.product-type.application";
		};
/* End PBXNativeTarget section */

/* Begin PBXProject section */
		7488047A16EA5029004E8DD0 /* Project object */ = {
			isa = PBXProject;
			attributes = {
				CLASSPREFIX = GpxView;
				LastUpgradeCheck = 0460;
				ORGANIZATIONNAME = "Schnuddel Huddel";
			};
			buildConfigurationList = 7488047D16EA5029004E8DD0 /* Build configuration list for PBXProject "GpxView" */;
			compatibilityVersion = "Xcode 3.2";
			developmentRegion = English;
			hasScannedForEncodings = 0;
			knownRegions = (
				en,
			);
			mainGroup = 7488047916EA5029004E8DD0;
			productRefGroup = 7488048316EA5029004E8DD0 /* Products */;
			projectDirPath = "";
			projectRoot = "";
			targets = (
				7488048116EA5029004E8DD0 /* GpxView */,
			);
		};
/* End PBXProject section */

/* Begin PBXResourcesBuildPhase section */
		7488048016EA5029004E8DD0 /* Resources */ = {
			isa = PBXResourcesBuildPhase;
			buildActionMask = 2147483647;
			files = (
				7488049016EA5029004E8DD0 /* InfoPlist.strings in Resources */,
				7488049816EA5029004E8DD0 /* Default.png in Resources */,
				7488049A16EA5029004E8DD0 /* Default@2x.png in Resources */,
				7488049C16EA5029004E8DD0 /* Default-568h@2x.png in Resources */,
				748804A216EA5029004E8DD0 /* GpxViewViewController.xib in Resources */,
				748804A916EA5558004E8DD0 /* GpxViewer.GPX in Resources */,
				746BCC3816F4E0AE00CF52E8 /* Ardennen 300.GPX in Resources */,
				74854FC716F758E600347AB9 /* WaypointViewController.xib in Resources */,
				74CE26F71707308D002ECA8F /* AtAGlance.png in Resources */,
				74CE26F81707308D002ECA8F /* AtAGlance@2x.png in Resources */,
				74CE26F91707308D002ECA8F /* Cycle.png in Resources */,
				74CE26FA1707308D002ECA8F /* Cycle@2x.png in Resources */,
				74CE26FB1707308D002ECA8F /* MapView.png in Resources */,
				74CE26FC1707308D002ECA8F /* MapView@2x.png in Resources */,
				74CE26FD1707308D002ECA8F /* Settings.png in Resources */,
				74CE26FE1707308D002ECA8F /* Settings@2x.png in Resources */,
				74CE2703170730FA002ECA8F /* SettingsViewController.xib in Resources */,
				74CE270817073301002ECA8F /* CycleViewController.xib in Resources */,
				74CE270D170733F7002ECA8F /* AtAGlanceViewController.xib in Resources */,
			);
			runOnlyForDeploymentPostprocessing = 0;
		};
/* End PBXResourcesBuildPhase section */

/* Begin PBXSourcesBuildPhase section */
		7488047E16EA5029004E8DD0 /* Sources */ = {
			isa = PBXSourcesBuildPhase;
			buildActionMask = 2147483647;
			files = (
				7488049216EA5029004E8DD0 /* main.m in Sources */,
				7488049616EA5029004E8DD0 /* GpxViewAppDelegate.m in Sources */,
				7488049F16EA5029004E8DD0 /* GpxViewViewController.m in Sources */,
				748804E116ECFD4C004E8DD0 /* SHMapPoint.m in Sources */,
				7499153A16EF1A39007269CC /* GpsTrack.m in Sources */,
				74854FC616F758E600347AB9 /* WaypointViewController.m in Sources */,
				74CE2702170730FA002ECA8F /* SettingsViewController.m in Sources */,
				74CE270717073301002ECA8F /* CycleViewController.m in Sources */,
				74CE270C170733F7002ECA8F /* AtAGlanceViewController.m in Sources */,
			);
			runOnlyForDeploymentPostprocessing = 0;
		};
/* End PBXSourcesBuildPhase section */

/* Begin PBXVariantGroup section */
		7488048E16EA5029004E8DD0 /* InfoPlist.strings */ = {
			isa = PBXVariantGroup;
			children = (
				7488048F16EA5029004E8DD0 /* en */,
			);
			name = InfoPlist.strings;
			sourceTree = "<group>";
		};
		748804A016EA5029004E8DD0 /* GpxViewViewController.xib */ = {
			isa = PBXVariantGroup;
			children = (
				748804A116EA5029004E8DD0 /* en */,
			);
			name = GpxViewViewController.xib;
			sourceTree = "<group>";
		};
/* End PBXVariantGroup section */

/* Begin XCBuildConfiguration section */
		748804A316EA5029004E8DD0 /* Debug */ = {
			isa = XCBuildConfiguration;
			buildSettings = {
				ALWAYS_SEARCH_USER_PATHS = NO;
				CLANG_CXX_LANGUAGE_STANDARD = "gnu++0x";
				CLANG_CXX_LIBRARY = "libc++";
				CLANG_ENABLE_OBJC_ARC = YES;
				CLANG_WARN_CONSTANT_CONVERSION = YES;
				CLANG_WARN_EMPTY_BODY = YES;
				CLANG_WARN_ENUM_CONVERSION = YES;
				CLANG_WARN_INT_CONVERSION = YES;
				CLANG_WARN__DUPLICATE_METHOD_MATCH = YES;
				"CODE_SIGN_IDENTITY[sdk=iphoneos*]" = "iPhone Developer";
				COPY_PHASE_STRIP = NO;
				GCC_C_LANGUAGE_STANDARD = gnu99;
				GCC_DYNAMIC_NO_PIC = NO;
				GCC_OPTIMIZATION_LEVEL = 0;
				GCC_PREPROCESSOR_DEFINITIONS = (
					"DEBUG=1",
					"$(inherited)",
				);
				GCC_SYMBOLS_PRIVATE_EXTERN = NO;
				GCC_WARN_ABOUT_RETURN_TYPE = YES;
				GCC_WARN_UNINITIALIZED_AUTOS = YES;
				GCC_WARN_UNUSED_VARIABLE = YES;
				IPHONEOS_DEPLOYMENT_TARGET = 6.1;
				ONLY_ACTIVE_ARCH = YES;
				SDKROOT = iphoneos;
			};
			name = Debug;
		};
		748804A416EA5029004E8DD0 /* Release */ = {
			isa = XCBuildConfiguration;
			buildSettings = {
				ALWAYS_SEARCH_USER_PATHS = NO;
				CLANG_CXX_LANGUAGE_STANDARD = "gnu++0x";
				CLANG_CXX_LIBRARY = "libc++";
				CLANG_ENABLE_OBJC_ARC = YES;
				CLANG_WARN_CONSTANT_CONVERSION = YES;
				CLANG_WARN_EMPTY_BODY = YES;
				CLANG_WARN_ENUM_CONVERSION = YES;
				CLANG_WARN_INT_CONVERSION = YES;
				CLANG_WARN__DUPLICATE_METHOD_MATCH = YES;
				"CODE_SIGN_IDENTITY[sdk=iphoneos*]" = "iPhone Developer";
				COPY_PHASE_STRIP = YES;
				GCC_C_LANGUAGE_STANDARD = gnu99;
				GCC_WARN_ABOUT_RETURN_TYPE = YES;
				GCC_WARN_UNINITIALIZED_AUTOS = YES;
				GCC_WARN_UNUSED_VARIABLE = YES;
				IPHONEOS_DEPLOYMENT_TARGET = 6.1;
				OTHER_CFLAGS = "-DNS_BLOCK_ASSERTIONS=1";
				SDKROOT = iphoneos;
				VALIDATE_PRODUCT = YES;
			};
			name = Release;
		};
		748804A616EA5029004E8DD0 /* Debug */ = {
			isa = XCBuildConfiguration;
			buildSettings = {
				GCC_PRECOMPILE_PREFIX_HEADER = YES;
				GCC_PREFIX_HEADER = "GpxView/GpxView-Prefix.pch";
				INFOPLIST_FILE = "GpxView/GpxView-Info.plist";
				PRODUCT_NAME = "$(TARGET_NAME)";
				WRAPPER_EXTENSION = app;
			};
			name = Debug;
		};
		748804A716EA5029004E8DD0 /* Release */ = {
			isa = XCBuildConfiguration;
			buildSettings = {
				GCC_PRECOMPILE_PREFIX_HEADER = YES;
				GCC_PREFIX_HEADER = "GpxView/GpxView-Prefix.pch";
				INFOPLIST_FILE = "GpxView/GpxView-Info.plist";
				PRODUCT_NAME = "$(TARGET_NAME)";
				WRAPPER_EXTENSION = app;
			};
			name = Release;
		};
/* End XCBuildConfiguration section */

/* Begin XCConfigurationList section */
		7488047D16EA5029004E8DD0 /* Build configuration list for PBXProject "GpxView" */ = {
			isa = XCConfigurationList;
			buildConfigurations = (
				748804A316EA5029004E8DD0 /* Debug */,
				748804A416EA5029004E8DD0 /* Release */,
			);
			defaultConfigurationIsVisible = 0;
			defaultConfigurationName = Release;
		};
		748804A516EA5029004E8DD0 /* Build configuration list for PBXNativeTarget "GpxView" */ = {
			isa = XCConfigurationList;
			buildConfigurations = (
				748804A616EA5029004E8DD0 /* Debug */,
				748804A716EA5029004E8DD0 /* Release */,
			);
			defaultConfigurationIsVisible = 0;
			defaultConfigurationName = Release;
		};
/* End XCConfigurationList section */
	};
	rootObject = 7488047A16EA5029004E8DD0 /* Project object */;
}
